
Microsoft Visual Studio Solution File, Format Version 12.00
# Visual Studio Version 16
VisualStudioVersion = 16.0.31729.503
MinimumVisualStudioVersion = 10.0.40219.1
Project("{FAE04EC0-301F-11D3-BF4B-00C04F79EFBC}") = "Esercizio 2", "Esercizio 2.csproj", "{3A1A9E36-2623-465D-A1BD-F11FE20E3E04}"
EndProject
Global
	GlobalSection(SolutionConfigurationPlatforms) = preSolution
		Debug|Any CPU = Debug|Any CPU
		Release|Any CPU = Release|Any CPU
	EndGlobalSection
	GlobalSection(ProjectConfigurationPlatforms) = postSolution
		{3A1A9E36-2623-465D-A1BD-F11FE20E3E04}.Debug|Any CPU.ActiveCfg = Debug|Any CPU
		{3A1A9E36-2623-465D-A1BD-F11FE20E3E04}.Debug|Any CPU.Build.0 = Debug|Any CPU
		{3A1A9E36-2623-465D-A1BD-F11FE20E3E04}.Release|Any CPU.ActiveCfg = Release|Any CPU
		{3A1A9E36-2623-465D-A1BD-F11FE20E3E04}.Release|Any CPU.Build.0 = Release|Any CPU
	EndGlobalSection
	GlobalSection(SolutionProperties) = preSolution
		HideSolutionNode = FALSE
	EndGlobalSection
	GlobalSection(ExtensibilityGlobals) = postSolution
		SolutionGuid = {DADB15BB-DDAB-463F-8CD5-9B976DEA618E}
	EndGlobalSection
EndGlobal
