
Microsoft Visual Studio Solution File, Format Version 12.00
# Visual Studio Version 16
VisualStudioVersion = 16.0.31729.503
MinimumVisualStudioVersion = 10.0.40219.1
Project("{FAE04EC0-301F-11D3-BF4B-00C04F79EFBC}") = "Eccezioni", "Eccezioni.csproj", "{D1BB1663-652E-4513-BC9A-78C51D5C1A2A}"
EndProject
Global
	GlobalSection(SolutionConfigurationPlatforms) = preSolution
		Debug|Any CPU = Debug|Any CPU
		Release|Any CPU = Release|Any CPU
	EndGlobalSection
	GlobalSection(ProjectConfigurationPlatforms) = postSolution
		{D1BB1663-652E-4513-BC9A-78C51D5C1A2A}.Debug|Any CPU.ActiveCfg = Debug|Any CPU
		{D1BB1663-652E-4513-BC9A-78C51D5C1A2A}.Debug|Any CPU.Build.0 = Debug|Any CPU
		{D1BB1663-652E-4513-BC9A-78C51D5C1A2A}.Release|Any CPU.ActiveCfg = Release|Any CPU
		{D1BB1663-652E-4513-BC9A-78C51D5C1A2A}.Release|Any CPU.Build.0 = Release|Any CPU
	EndGlobalSection
	GlobalSection(SolutionProperties) = preSolution
		HideSolutionNode = FALSE
	EndGlobalSection
	GlobalSection(ExtensibilityGlobals) = postSolution
		SolutionGuid = {B089D883-5512-4ACE-9BB1-F5E8C0204B1B}
	EndGlobalSection
EndGlobal
